// !$*UTF8*$!
{
	archiveVersion = 1;
	classes = {
	};
	objectVersion = 50;
	objects = {

/* Begin PBXBuildFile section */
		DE901769241AC00D0060F6CA /* AppDelegate.swift in Sources */ = {isa = PBXBuildFile; fileRef = DE901768241AC00D0060F6CA /* AppDelegate.swift */; };
		DE90176B241AC00D0060F6CA /* SceneDelegate.swift in Sources */ = {isa = PBXBuildFile; fileRef = DE90176A241AC00D0060F6CA /* SceneDelegate.swift */; };
		DE90176D241AC00D0060F6CA /* ViewController.swift in Sources */ = {isa = PBXBuildFile; fileRef = DE90176C241AC00D0060F6CA /* ViewController.swift */; };
		DE901770241AC00D0060F6CA /* Main.storyboard in Resources */ = {isa = PBXBuildFile; fileRef = DE90176E241AC00D0060F6CA /* Main.storyboard */; };
		DE901772241AC0110060F6CA /* Assets.xcassets in Resources */ = {isa = PBXBuildFile; fileRef = DE901771241AC0110060F6CA /* Assets.xcassets */; };
		DE901775241AC0110060F6CA /* LaunchScreen.storyboard in Resources */ = {isa = PBXBuildFile; fileRef = DE901773241AC0110060F6CA /* LaunchScreen.storyboard */; };
		DE901780241AC0120060F6CA /* TwitterCloneTests.swift in Sources */ = {isa = PBXBuildFile; fileRef = DE90177F241AC0120060F6CA /* TwitterCloneTests.swift */; };
		DE90178B241AC0120060F6CA /* TwitterCloneUITests.swift in Sources */ = {isa = PBXBuildFile; fileRef = DE90178A241AC0120060F6CA /* TwitterCloneUITests.swift */; };
/* End PBXBuildFile section */

/* Begin PBXContainerItemProxy section */
		DE90177C241AC0110060F6CA /* PBXContainerItemProxy */ = {
			isa = PBXContainerItemProxy;
			containerPortal = DE90175D241AC00C0060F6CA /* Project object */;
			proxyType = 1;
			remoteGlobalIDString = DE901764241AC00D0060F6CA;
			remoteInfo = TwitterClone;
		};
		DE901787241AC0120060F6CA /* PBXContainerItemProxy */ = {
			isa = PBXContainerItemProxy;
			containerPortal = DE90175D241AC00C0060F6CA /* Project object */;
			proxyType = 1;
			remoteGlobalIDString = DE901764241AC00D0060F6CA;
			remoteInfo = TwitterClone;
		};
/* End PBXContainerItemProxy section */

/* Begin PBXFileReference section */
		DE901765241AC00D0060F6CA /* TwitterClone.app */ = {isa = PBXFileReference; explicitFileType = wrapper.application; includeInIndex = 0; path = TwitterClone.app; sourceTree = BUILT_PRODUCTS_DIR; };
		DE901768241AC00D0060F6CA /* AppDelegate.swift */ = {isa = PBXFileReference; lastKnownFileType = sourcecode.swift; path = AppDelegate.swift; sourceTree = "<group>"; };
		DE90176A241AC00D0060F6CA /* SceneDelegate.swift */ = {isa = PBXFileReference; lastKnownFileType = sourcecode.swift; path = SceneDelegate.swift; sourceTree = "<group>"; };
		DE90176C241AC00D0060F6CA /* ViewController.swift */ = {isa = PBXFileReference; lastKnownFileType = sourcecode.swift; path = ViewController.swift; sourceTree = "<group>"; };
		DE90176F241AC00D0060F6CA /* Base */ = {isa = PBXFileReference; lastKnownFileType = file.storyboard; name = Base; path = Base.lproj/Main.storyboard; sourceTree = "<group>"; };
		DE901771241AC0110060F6CA /* Assets.xcassets */ = {isa = PBXFileReference; lastKnownFileType = folder.assetcatalog; path = Assets.xcassets; sourceTree = "<group>"; };
		DE901774241AC0110060F6CA /* Base */ = {isa = PBXFileReference; lastKnownFileType = file.storyboard; name = Base; path = Base.lproj/LaunchScreen.storyboard; sourceTree = "<group>"; };
		DE901776241AC0110060F6CA /* Info.plist */ = {isa = PBXFileReference; lastKnownFileType = text.plist.xml; path = Info.plist; sourceTree = "<group>"; };
		DE90177B241AC0110060F6CA /* TwitterCloneTests.xctest */ = {isa = PBXFileReference; explicitFileType = wrapper.cfbundle; includeInIndex = 0; path = TwitterCloneTests.xctest; sourceTree = BUILT_PRODUCTS_DIR; };
		DE90177F241AC0120060F6CA /* TwitterCloneTests.swift */ = {isa = PBXFileReference; lastKnownFileType = sourcecode.swift; path = TwitterCloneTests.swift; sourceTree = "<group>"; };
		DE901781241AC0120060F6CA /* Info.plist */ = {isa = PBXFileReference; lastKnownFileType = text.plist.xml; path = Info.plist; sourceTree = "<group>"; };
		DE901786241AC0120060F6CA /* TwitterCloneUITests.xctest */ = {isa = PBXFileReference; explicitFileType = wrapper.cfbundle; includeInIndex = 0; path = TwitterCloneUITests.xctest; sourceTree = BUILT_PRODUCTS_DIR; };
		DE90178A241AC0120060F6CA /* TwitterCloneUITests.swift */ = {isa = PBXFileReference; lastKnownFileType = sourcecode.swift; path = TwitterCloneUITests.swift; sourceTree = "<group>"; };
		DE90178C241AC0120060F6CA /* Info.plist */ = {isa = PBXFileReference; lastKnownFileType = text.plist.xml; path = Info.plist; sourceTree = "<group>"; };
/* End PBXFileReference section */

/* Begin PBXFrameworksBuildPhase section */
		DE901762241AC00D0060F6CA /* Frameworks */ = {
			isa = PBXFrameworksBuildPhase;
			buildActionMask = 2147483647;
			files = (
			);
			runOnlyForDeploymentPostprocessing = 0;
		};
		DE901778241AC0110060F6CA /* Frameworks */ = {
			isa = PBXFrameworksBuildPhase;
			buildActionMask = 2147483647;
			files = (
			);
			runOnlyForDeploymentPostprocessing = 0;
		};
		DE901783241AC0120060F6CA /* Frameworks */ = {
			isa = PBXFrameworksBuildPhase;
			buildActionMask = 2147483647;
			files = (
			);
			runOnlyForDeploymentPostprocessing = 0;
		};
/* End PBXFrameworksBuildPhase section */

/* Begin PBXGroup section */
		DE90175C241AC00C0060F6CA = {
			isa = PBXGroup;
			children = (
				DE901767241AC00D0060F6CA /* TwitterClone */,
				DE90177E241AC0110060F6CA /* TwitterCloneTests */,
				DE901789241AC0120060F6CA /* TwitterCloneUITests */,
				DE901766241AC00D0060F6CA /* Products */,
			);
			sourceTree = "<group>";
		};
		DE901766241AC00D0060F6CA /* Products */ = {
			isa = PBXGroup;
			children = (
				DE901765241AC00D0060F6CA /* TwitterClone.app */,
				DE90177B241AC0110060F6CA /* TwitterCloneTests.xctest */,
				DE901786241AC0120060F6CA /* TwitterCloneUITests.xctest */,
			);
			name = Products;
			sourceTree = "<group>";
		};
		DE901767241AC00D0060F6CA /* TwitterClone */ = {
			isa = PBXGroup;
			children = (
				DE901768241AC00D0060F6CA /* AppDelegate.swift */,
				DE90176A241AC00D0060F6CA /* SceneDelegate.swift */,
				DE90176C241AC00D0060F6CA /* ViewController.swift */,
				DE90176E241AC00D0060F6CA /* Main.storyboard */,
				DE901771241AC0110060F6CA /* Assets.xcassets */,
				DE901773241AC0110060F6CA /* LaunchScreen.storyboard */,
				DE901776241AC0110060F6CA /* Info.plist */,
			);
			path = TwitterClone;
			sourceTree = "<group>";
		};
		DE90177E241AC0110060F6CA /* TwitterCloneTests */ = {
			isa = PBXGroup;
			children = (
				DE90177F241AC0120060F6CA /* TwitterCloneTests.swift */,
				DE901781241AC0120060F6CA /* Info.plist */,
			);
			path = TwitterCloneTests;
			sourceTree = "<group>";
		};
		DE901789241AC0120060F6CA /* TwitterCloneUITests */ = {
			isa = PBXGroup;
			children = (
				DE90178A241AC0120060F6CA /* TwitterCloneUITests.swift */,
				DE90178C241AC0120060F6CA /* Info.plist */,
			);
			path = TwitterCloneUITests;
			sourceTree = "<group>";
		};
/* End PBXGroup section */

/* Begin PBXNativeTarget section */
		DE901764241AC00D0060F6CA /* TwitterClone */ = {
			isa = PBXNativeTarget;
			buildConfigurationList = DE90178F241AC0120060F6CA /* Build configuration list for PBXNativeTarget "TwitterClone" */;
			buildPhases = (
				DE901761241AC00D0060F6CA /* Sources */,
				DE901762241AC00D0060F6CA /* Frameworks */,
				DE901763241AC00D0060F6CA /* Resources */,
			);
			buildRules = (
			);
			dependencies = (
			);
			name = TwitterClone;
			productName = TwitterClone;
			productReference = DE901765241AC00D0060F6CA /* TwitterClone.app */;
			productType = "com.apple.product-type.application";
		};
		DE90177A241AC0110060F6CA /* TwitterCloneTests */ = {
			isa = PBXNativeTarget;
			buildConfigurationList = DE901792241AC0120060F6CA /* Build configuration list for PBXNativeTarget "TwitterCloneTests" */;
			buildPhases = (
				DE901777241AC0110060F6CA /* Sources */,
				DE901778241AC0110060F6CA /* Frameworks */,
				DE901779241AC0110060F6CA /* Resources */,
			);
			buildRules = (
			);
			dependencies = (
				DE90177D241AC0110060F6CA /* PBXTargetDependency */,
			);
			name = TwitterCloneTests;
			productName = TwitterCloneTests;
			productReference = DE90177B241AC0110060F6CA /* TwitterCloneTests.xctest */;
			productType = "com.apple.product-type.bundle.unit-test";
		};
		DE901785241AC0120060F6CA /* TwitterCloneUITests */ = {
			isa = PBXNativeTarget;
			buildConfigurationList = DE901795241AC0120060F6CA /* Build configuration list for PBXNativeTarget "TwitterCloneUITests" */;
			buildPhases = (
				DE901782241AC0120060F6CA /* Sources */,
				DE901783241AC0120060F6CA /* Frameworks */,
				DE901784241AC0120060F6CA /* Resources */,
			);
			buildRules = (
			);
			dependencies = (
				DE901788241AC0120060F6CA /* PBXTargetDependency */,
			);
			name = TwitterCloneUITests;
			productName = TwitterCloneUITests;
			productReference = DE901786241AC0120060F6CA /* TwitterCloneUITests.xctest */;
			productType = "com.apple.product-type.bundle.ui-testing";
		};
/* End PBXNativeTarget section */

/* Begin PBXProject section */
		DE90175D241AC00C0060F6CA /* Project object */ = {
			isa = PBXProject;
			attributes = {
				LastSwiftUpdateCheck = 1130;
				LastUpgradeCheck = 1130;
				ORGANIZATIONNAME = "Krzysztof Podolak";
				TargetAttributes = {
					DE901764241AC00D0060F6CA = {
						CreatedOnToolsVersion = 11.3.1;
					};
					DE90177A241AC0110060F6CA = {
						CreatedOnToolsVersion = 11.3.1;
						TestTargetID = DE901764241AC00D0060F6CA;
					};
					DE901785241AC0120060F6CA = {
						CreatedOnToolsVersion = 11.3.1;
						TestTargetID = DE901764241AC00D0060F6CA;
					};
				};
			};
			buildConfigurationList = DE901760241AC00C0060F6CA /* Build configuration list for PBXProject "TwitterClone" */;
			compatibilityVersion = "Xcode 9.3";
			developmentRegion = en;
			hasScannedForEncodings = 0;
			knownRegions = (
				en,
				Base,
			);
			mainGroup = DE90175C241AC00C0060F6CA;
			productRefGroup = DE901766241AC00D0060F6CA /* Products */;
			projectDirPath = "";
			projectRoot = "";
			targets = (
				DE901764241AC00D0060F6CA /* TwitterClone */,
				DE90177A241AC0110060F6CA /* TwitterCloneTests */,
				DE901785241AC0120060F6CA /* TwitterCloneUITests */,
			);
		};
/* End PBXProject section */

/* Begin PBXResourcesBuildPhase section */
		DE901763241AC00D0060F6CA /* Resources */ = {
			isa = PBXResourcesBuildPhase;
			buildActionMask = 2147483647;
			files = (
				DE901775241AC0110060F6CA /* LaunchScreen.storyboard in Resources */,
				DE901772241AC0110060F6CA /* Assets.xcassets in Resources */,
				DE901770241AC00D0060F6CA /* Main.storyboard in Resources */,
			);
			runOnlyForDeploymentPostprocessing = 0;
		};
		DE901779241AC0110060F6CA /* Resources */ = {
			isa = PBXResourcesBuildPhase;
			buildActionMask = 2147483647;
			files = (
			);
			runOnlyForDeploymentPostprocessing = 0;
		};
		DE901784241AC0120060F6CA /* Resources */ = {
			isa = PBXResourcesBuildPhase;
			buildActionMask = 2147483647;
			files = (
			);
			runOnlyForDeploymentPostprocessing = 0;
		};
/* End PBXResourcesBuildPhase section */

/* Begin PBXSourcesBuildPhase section */
		DE901761241AC00D0060F6CA /* Sources */ = {
			isa = PBXSourcesBuildPhase;
			buildActionMask = 2147483647;
			files = (
				DE90176D241AC00D0060F6CA /* ViewController.swift in Sources */,
				DE901769241AC00D0060F6CA /* AppDelegate.swift in Sources */,
				DE90176B241AC00D0060F6CA /* SceneDelegate.swift in Sources */,
			);
			runOnlyForDeploymentPostprocessing = 0;
		};
		DE901777241AC0110060F6CA /* Sources */ = {
			isa = PBXSourcesBuildPhase;
			buildActionMask = 2147483647;
			files = (
				DE901780241AC0120060F6CA /* TwitterCloneTests.swift in Sources */,
			);
			runOnlyForDeploymentPostprocessing = 0;
		};
		DE901782241AC0120060F6CA /* Sources */ = {
			isa = PBXSourcesBuildPhase;
			buildActionMask = 2147483647;
			files = (
				DE90178B241AC0120060F6CA /* TwitterCloneUITests.swift in Sources */,
			);
			runOnlyForDeploymentPostprocessing = 0;
		};
/* End PBXSourcesBuildPhase section */

/* Begin PBXTargetDependency section */
		DE90177D241AC0110060F6CA /* PBXTargetDependency */ = {
			isa = PBXTargetDependency;
			target = DE901764241AC00D0060F6CA /* TwitterClone */;
			targetProxy = DE90177C241AC0110060F6CA /* PBXContainerItemProxy */;
		};
		DE901788241AC0120060F6CA /* PBXTargetDependency */ = {
			isa = PBXTargetDependency;
			target = DE901764241AC00D0060F6CA /* TwitterClone */;
			targetProxy = DE901787241AC0120060F6CA /* PBXContainerItemProxy */;
		};
/* End PBXTargetDependency section */

/* Begin PBXVariantGroup section */
		DE90176E241AC00D0060F6CA /* Main.storyboard */ = {
			isa = PBXVariantGroup;
			children = (
				DE90176F241AC00D0060F6CA /* Base */,
			);
			name = Main.storyboard;
			sourceTree = "<group>";
		};
		DE901773241AC0110060F6CA /* LaunchScreen.storyboard */ = {
			isa = PBXVariantGroup;
			children = (
				DE901774241AC0110060F6CA /* Base */,
			);
			name = LaunchScreen.storyboard;
			sourceTree = "<group>";
		};
/* End PBXVariantGroup section */

/* Begin XCBuildConfiguration section */
		DE90178D241AC0120060F6CA /* Debug */ = {
			isa = XCBuildConfiguration;
			buildSettings = {
				ALWAYS_SEARCH_USER_PATHS = NO;
				CLANG_ANALYZER_NONNULL = YES;
				CLANG_ANALYZER_NUMBER_OBJECT_CONVERSION = YES_AGGRESSIVE;
				CLANG_CXX_LANGUAGE_STANDARD = "gnu++14";
				CLANG_CXX_LIBRARY = "libc++";
				CLANG_ENABLE_MODULES = YES;
				CLANG_ENABLE_OBJC_ARC = YES;
				CLANG_ENABLE_OBJC_WEAK = YES;
				CLANG_WARN_BLOCK_CAPTURE_AUTORELEASING = YES;
				CLANG_WARN_BOOL_CONVERSION = YES;
				CLANG_WARN_COMMA = YES;
				CLANG_WARN_CONSTANT_CONVERSION = YES;
				CLANG_WARN_DEPRECATED_OBJC_IMPLEMENTATIONS = YES;
				CLANG_WARN_DIRECT_OBJC_ISA_USAGE = YES_ERROR;
				CLANG_WARN_DOCUMENTATION_COMMENTS = YES;
				CLANG_WARN_EMPTY_BODY = YES;
				CLANG_WARN_ENUM_CONVERSION = YES;
				CLANG_WARN_INFINITE_RECURSION = YES;
				CLANG_WARN_INT_CONVERSION = YES;
				CLANG_WARN_NON_LITERAL_NULL_CONVERSION = YES;
				CLANG_WARN_OBJC_IMPLICIT_RETAIN_SELF = YES;
				CLANG_WARN_OBJC_LITERAL_CONVERSION = YES;
				CLANG_WARN_OBJC_ROOT_CLASS = YES_ERROR;
				CLANG_WARN_RANGE_LOOP_ANALYSIS = YES;
				CLANG_WARN_STRICT_PROTOTYPES = YES;
				CLANG_WARN_SUSPICIOUS_MOVE = YES;
				CLANG_WARN_UNGUARDED_AVAILABILITY = YES_AGGRESSIVE;
				CLANG_WARN_UNREACHABLE_CODE = YES;
				CLANG_WARN__DUPLICATE_METHOD_MATCH = YES;
				COPY_PHASE_STRIP = NO;
				DEBUG_INFORMATION_FORMAT = dwarf;
				ENABLE_STRICT_OBJC_MSGSEND = YES;
				ENABLE_TESTABILITY = YES;
				GCC_C_LANGUAGE_STANDARD = gnu11;
				GCC_DYNAMIC_NO_PIC = NO;
				GCC_NO_COMMON_BLOCKS = YES;
				GCC_OPTIMIZATION_LEVEL = 0;
				GCC_PREPROCESSOR_DEFINITIONS = (
					"DEBUG=1",
					"$(inherited)",
				);
				GCC_WARN_64_TO_32_BIT_CONVERSION = YES;
				GCC_WARN_ABOUT_RETURN_TYPE = YES_ERROR;
				GCC_WARN_UNDECLARED_SELECTOR = YES;
				GCC_WARN_UNINITIALIZED_AUTOS = YES_AGGRESSIVE;
				GCC_WARN_UNUSED_FUNCTION = YES;
				GCC_WARN_UNUSED_VARIABLE = YES;
				IPHONEOS_DEPLOYMENT_TARGET = 13.2;
				MTL_ENABLE_DEBUG_INFO = INCLUDE_SOURCE;
				MTL_FAST_MATH = YES;
				ONLY_ACTIVE_ARCH = YES;
				SDKROOT = iphoneos;
				SWIFT_ACTIVE_COMPILATION_CONDITIONS = DEBUG;
				SWIFT_OPTIMIZATION_LEVEL = "-Onone";
			};
			name = Debug;
		};
		DE90178E241AC0120060F6CA /* Release */ = {
			isa = XCBuildConfiguration;
			buildSettings = {
				ALWAYS_SEARCH_USER_PATHS = NO;
				CLANG_ANALYZER_NONNULL = YES;
				CLANG_ANALYZER_NUMBER_OBJECT_CONVERSION = YES_AGGRESSIVE;
				CLANG_CXX_LANGUAGE_STANDARD = "gnu++14";
				CLANG_CXX_LIBRARY = "libc++";
				CLANG_ENABLE_MODULES = YES;
				CLANG_ENABLE_OBJC_ARC = YES;
				CLANG_ENABLE_OBJC_WEAK = YES;
				CLANG_WARN_BLOCK_CAPTURE_AUTORELEASING = YES;
				CLANG_WARN_BOOL_CONVERSION = YES;
				CLANG_WARN_COMMA = YES;
				CLANG_WARN_CONSTANT_CONVERSION = YES;
				CLANG_WARN_DEPRECATED_OBJC_IMPLEMENTATIONS = YES;
				CLANG_WARN_DIRECT_OBJC_ISA_USAGE = YES_ERROR;
				CLANG_WARN_DOCUMENTATION_COMMENTS = YES;
				CLANG_WARN_EMPTY_BODY = YES;
				CLANG_WARN_ENUM_CONVERSION = YES;
				CLANG_WARN_INFINITE_RECURSION = YES;
				CLANG_WARN_INT_CONVERSION = YES;
				CLANG_WARN_NON_LITERAL_NULL_CONVERSION = YES;
				CLANG_WARN_OBJC_IMPLICIT_RETAIN_SELF = YES;
				CLANG_WARN_OBJC_LITERAL_CONVERSION = YES;
				CLANG_WARN_OBJC_ROOT_CLASS = YES_ERROR;
				CLANG_WARN_RANGE_LOOP_ANALYSIS = YES;
				CLANG_WARN_STRICT_PROTOTYPES = YES;
				CLANG_WARN_SUSPICIOUS_MOVE = YES;
				CLANG_WARN_UNGUARDED_AVAILABILITY = YES_AGGRESSIVE;
				CLANG_WARN_UNREACHABLE_CODE = YES;
				CLANG_WARN__DUPLICATE_METHOD_MATCH = YES;
				COPY_PHASE_STRIP = NO;
				DEBUG_INFORMATION_FORMAT = "dwarf-with-dsym";
				ENABLE_NS_ASSERTIONS = NO;
				ENABLE_STRICT_OBJC_MSGSEND = YES;
				GCC_C_LANGUAGE_STANDARD = gnu11;
				GCC_NO_COMMON_BLOCKS = YES;
				GCC_WARN_64_TO_32_BIT_CONVERSION = YES;
				GCC_WARN_ABOUT_RETURN_TYPE = YES_ERROR;
				GCC_WARN_UNDECLARED_SELECTOR = YES;
				GCC_WARN_UNINITIALIZED_AUTOS = YES_AGGRESSIVE;
				GCC_WARN_UNUSED_FUNCTION = YES;
				GCC_WARN_UNUSED_VARIABLE = YES;
				IPHONEOS_DEPLOYMENT_TARGET = 13.2;
				MTL_ENABLE_DEBUG_INFO = NO;
				MTL_FAST_MATH = YES;
				SDKROOT = iphoneos;
				SWIFT_COMPILATION_MODE = wholemodule;
				SWIFT_OPTIMIZATION_LEVEL = "-O";
				VALIDATE_PRODUCT = YES;
			};
			name = Release;
		};
		DE901790241AC0120060F6CA /* Debug */ = {
			isa = XCBuildConfiguration;
			buildSettings = {
				ASSETCATALOG_COMPILER_APPICON_NAME = AppIcon;
				CODE_SIGN_STYLE = Automatic;
				INFOPLIST_FILE = TwitterClone/Info.plist;
				LD_RUNPATH_SEARCH_PATHS = (
					"$(inherited)",
					"@executable_path/Frameworks",
				);
				PRODUCT_BUNDLE_IDENTIFIER = com.bodzio2k.TwitterClone;
				PRODUCT_NAME = "$(TARGET_NAME)";
				SWIFT_VERSION = 5.0;
				TARGETED_DEVICE_FAMILY = "1,2";
			};
			name = Debug;
		};
		DE901791241AC0120060F6CA /* Release */ = {
			isa = XCBuildConfiguration;
			buildSettings = {
				ASSETCATALOG_COMPILER_APPICON_NAME = AppIcon;
				CODE_SIGN_STYLE = Automatic;
				INFOPLIST_FILE = TwitterClone/Info.plist;
				LD_RUNPATH_SEARCH_PATHS = (
					"$(inherited)",
					"@executable_path/Frameworks",
				);
				PRODUCT_BUNDLE_IDENTIFIER = com.bodzio2k.TwitterClone;
				PRODUCT_NAME = "$(TARGET_NAME)";
				SWIFT_VERSION = 5.0;
				TARGETED_DEVICE_FAMILY = "1,2";
			};
			name = Release;
		};
		DE901793241AC0120060F6CA /* Debug */ = {
			isa = XCBuildConfiguration;
			buildSettings = {
				ALWAYS_EMBED_SWIFT_STANDARD_LIBRARIES = YES;
				BUNDLE_LOADER = "$(TEST_HOST)";
				CODE_SIGN_STYLE = Automatic;
				INFOPLIST_FILE = TwitterCloneTests/Info.plist;
				IPHONEOS_DEPLOYMENT_TARGET = 13.2;
				LD_RUNPATH_SEARCH_PATHS = (
					"$(inherited)",
					"@executable_path/Frameworks",
					"@loader_path/Frameworks",
				);
				PRODUCT_BUNDLE_IDENTIFIER = com.bodzio2k.TwitterCloneTests;
				PRODUCT_NAME = "$(TARGET_NAME)";
				SWIFT_VERSION = 5.0;
				TARGETED_DEVICE_FAMILY = "1,2";
				TEST_HOST = "$(BUILT_PRODUCTS_DIR)/TwitterClone.app/TwitterClone";
			};
			name = Debug;
		};
		DE901794241AC0120060F6CA /* Release */ = {
			isa = XCBuildConfiguration;
			buildSettings = {
				ALWAYS_EMBED_SWIFT_STANDARD_LIBRARIES = YES;
				BUNDLE_LOADER = "$(TEST_HOST)";
				CODE_SIGN_STYLE = Automatic;
				INFOPLIST_FILE = TwitterCloneTests/Info.plist;
				IPHONEOS_DEPLOYMENT_TARGET = 13.2;
				LD_RUNPATH_SEARCH_PATHS = (
					"$(inherited)",
					"@executable_path/Frameworks",
					"@loader_path/Frameworks",
				);
				PRODUCT_BUNDLE_IDENTIFIER = com.bodzio2k.TwitterCloneTests;
				PRODUCT_NAME = "$(TARGET_NAME)";
				SWIFT_VERSION = 5.0;
				TARGETED_DEVICE_FAMILY = "1,2";
				TEST_HOST = "$(BUILT_PRODUCTS_DIR)/TwitterClone.app/TwitterClone";
			};
			name = Release;
		};
		DE901796241AC0120060F6CA /* Debug */ = {
			isa = XCBuildConfiguration;
			buildSettings = {
				ALWAYS_EMBED_SWIFT_STANDARD_LIBRARIES = YES;
				CODE_SIGN_STYLE = Automatic;
				INFOPLIST_FILE = TwitterCloneUITests/Info.plist;
				LD_RUNPATH_SEARCH_PATHS = (
					"$(inherited)",
					"@executable_path/Frameworks",
					"@loader_path/Frameworks",
				);
				PRODUCT_BUNDLE_IDENTIFIER = com.bodzio2k.TwitterCloneUITests;
				PRODUCT_NAME = "$(TARGET_NAME)";
				SWIFT_VERSION = 5.0;
				TARGETED_DEVICE_FAMILY = "1,2";
				TEST_TARGET_NAME = TwitterClone;
			};
			name = Debug;
		};
		DE901797241AC0120060F6CA /* Release */ = {
			isa = XCBuildConfiguration;
			buildSettings = {
				ALWAYS_EMBED_SWIFT_STANDARD_LIBRARIES = YES;
				CODE_SIGN_STYLE = Automatic;
				INFOPLIST_FILE = TwitterCloneUITests/Info.plist;
				LD_RUNPATH_SEARCH_PATHS = (
					"$(inherited)",
					"@executable_path/Frameworks",
					"@loader_path/Frameworks",
				);
				PRODUCT_BUNDLE_IDENTIFIER = com.bodzio2k.TwitterCloneUITests;
				PRODUCT_NAME = "$(TARGET_NAME)";
				SWIFT_VERSION = 5.0;
				TARGETED_DEVICE_FAMILY = "1,2";
				TEST_TARGET_NAME = TwitterClone;
			};
			name = Release;
		};
/* End XCBuildConfiguration section */

/* Begin XCConfigurationList section */
		DE901760241AC00C0060F6CA /* Build configuration list for PBXProject "TwitterClone" */ = {
			isa = XCConfigurationList;
			buildConfigurations = (
				DE90178D241AC0120060F6CA /* Debug */,
				DE90178E241AC0120060F6CA /* Release */,
			);
			defaultConfigurationIsVisible = 0;
			defaultConfigurationName = Release;
		};
		DE90178F241AC0120060F6CA /* Build configuration list for PBXNativeTarget "TwitterClone" */ = {
			isa = XCConfigurationList;
			buildConfigurations = (
				DE901790241AC0120060F6CA /* Debug */,
				DE901791241AC0120060F6CA /* Release */,
			);
			defaultConfigurationIsVisible = 0;
			defaultConfigurationName = Release;
		};
		DE901792241AC0120060F6CA /* Build configuration list for PBXNativeTarget "TwitterCloneTests" */ = {
			isa = XCConfigurationList;
			buildConfigurations = (
				DE901793241AC0120060F6CA /* Debug */,
				DE901794241AC0120060F6CA /* Release */,
			);
			defaultConfigurationIsVisible = 0;
			defaultConfigurationName = Release;
		};
		DE901795241AC0120060F6CA /* Build configuration list for PBXNativeTarget "TwitterCloneUITests" */ = {
			isa = XCConfigurationList;
			buildConfigurations = (
				DE901796241AC0120060F6CA /* Debug */,
				DE901797241AC0120060F6CA /* Release */,
			);
			defaultConfigurationIsVisible = 0;
			defaultConfigurationName = Release;
		};
/* End XCConfigurationList section */
	};
	rootObject = DE90175D241AC00C0060F6CA /* Project object */;
}
